
Microsoft Visual Studio Solution File, Format Version 12.00
# Visual Studio Version 17
VisualStudioVersion = 17.1.32328.378
MinimumVisualStudioVersion = 10.0.40219.1
Project("{F184B08F-C81C-45F6-A57F-5ABD9991F28F}") = "demoapp2", "demoapp2\demoapp2.vbproj", "{61640069-DAF7-4095-AE2C-B14904FC12CE}"
EndProject
Global
	GlobalSection(SolutionConfigurationPlatforms) = preSolution
		Debug|Any CPU = Debug|Any CPU
		Release|Any CPU = Release|Any CPU
	EndGlobalSection
	GlobalSection(ProjectConfigurationPlatforms) = postSolution
		{61640069-DAF7-4095-AE2C-B14904FC12CE}.Debug|Any CPU.ActiveCfg = Debug|Any CPU
		{61640069-DAF7-4095-AE2C-B14904FC12CE}.Debug|Any CPU.Build.0 = Debug|Any CPU
		{61640069-DAF7-4095-AE2C-B14904FC12CE}.Release|Any CPU.ActiveCfg = Release|Any CPU
		{61640069-DAF7-4095-AE2C-B14904FC12CE}.Release|Any CPU.Build.0 = Release|Any CPU
	EndGlobalSection
	GlobalSection(SolutionProperties) = preSolution
		HideSolutionNode = FALSE
	EndGlobalSection
	GlobalSection(ExtensibilityGlobals) = postSolution
		SolutionGuid = {D63FE503-28BD-44A7-AED0-80D7954933EE}
	EndGlobalSection
EndGlobal
